Microsoft Visual Studio Solution File, Format Version 12.00
# Visual Studio Version 17
VisualStudioVersion = 17.5.2.0
MinimumVisualStudioVersion = 10.0.40219.1
Project("{FAE04EC0-301F-11D3-BF4B-00C04F79EFBC}") = "Module6_Homework", "Module6_Homework.csproj", "{923736C7-3E36-E70E-37A0-DA59F57AE6EB}"
EndProject
Global
	GlobalSection(SolutionConfigurationPlatforms) = preSolution
		Debug|Any CPU = Debug|Any CPU
		Release|Any CPU = Release|Any CPU
	EndGlobalSection
	GlobalSection(ProjectConfigurationPlatforms) = postSolution
		{923736C7-3E36-E70E-37A0-DA59F57AE6EB}.Debug|Any CPU.ActiveCfg = Debug|Any CPU
		{923736C7-3E36-E70E-37A0-DA59F57AE6EB}.Debug|Any CPU.Build.0 = Debug|Any CPU
		{923736C7-3E36-E70E-37A0-DA59F57AE6EB}.Release|Any CPU.ActiveCfg = Release|Any CPU
		{923736C7-3E36-E70E-37A0-DA59F57AE6EB}.Release|Any CPU.Build.0 = Release|Any CPU
	EndGlobalSection
	GlobalSection(SolutionProperties) = preSolution
		HideSolutionNode = FALSE
	EndGlobalSection
	GlobalSection(ExtensibilityGlobals) = postSolution
		SolutionGuid = {7A7B2C81-B829-46FD-8B67-40F4E1F211D9}
	EndGlobalSection
EndGlobal
